// !$*UTF8*$!
{
	archiveVersion = 1;
	classes = {
	};
	objectVersion = 56;
	objects = {

/* Begin PBXBuildFile section */
		4DFC1E322933DBCB00ECEF4B /* AppDelegate.swift in Sources */ = {isa = PBXBuildFile; fileRef = 4DFC1E312933DBCB00ECEF4B /* AppDelegate.swift */; };
		4DFC1E342933DBCB00ECEF4B /* SceneDelegate.swift in Sources */ = {isa = PBXBuildFile; fileRef = 4DFC1E332933DBCB00ECEF4B /* SceneDelegate.swift */; };
		4DFC1E362933DBCB00ECEF4B /* ViewController.swift in Sources */ = {isa = PBXBuildFile; fileRef = 4DFC1E352933DBCB00ECEF4B /* ViewController.swift */; };
		4DFC1E392933DBCB00ECEF4B /* Main.storyboard in Resources */ = {isa = PBXBuildFile; fileRef = 4DFC1E372933DBCB00ECEF4B /* Main.storyboard */; };
		4DFC1E3B2933DBCD00ECEF4B /* Assets.xcassets in Resources */ = {isa = PBXBuildFile; fileRef = 4DFC1E3A2933DBCD00ECEF4B /* Assets.xcassets */; };
		4DFC1E3E2933DBCD00ECEF4B /* LaunchScreen.storyboard in Resources */ = {isa = PBXBuildFile; fileRef = 4DFC1E3C2933DBCD00ECEF4B /* LaunchScreen.storyboard */; };
		4DFC1E462933DE0D00ECEF4B /* MyCustomViewCircle.xib in Resources */ = {isa = PBXBuildFile; fileRef = 4DFC1E452933DE0D00ECEF4B /* MyCustomViewCircle.xib */; };
		4DFC1E482933DE4700ECEF4B /* MyCustomViewCircle.swift in Sources */ = {isa = PBXBuildFile; fileRef = 4DFC1E472933DE4700ECEF4B /* MyCustomViewCircle.swift */; };
/* End PBXBuildFile section */

/* Begin PBXFileReference section */
		4DFC1E2E2933DBCB00ECEF4B /* CustomUIComponents_21_7.app */ = {isa = PBXFileReference; explicitFileType = wrapper.application; includeInIndex = 0; path = CustomUIComponents_21_7.app; sourceTree = BUILT_PRODUCTS_DIR; };
		4DFC1E312933DBCB00ECEF4B /* AppDelegate.swift */ = {isa = PBXFileReference; lastKnownFileType = sourcecode.swift; path = AppDelegate.swift; sourceTree = "<group>"; };
		4DFC1E332933DBCB00ECEF4B /* SceneDelegate.swift */ = {isa = PBXFileReference; lastKnownFileType = sourcecode.swift; path = SceneDelegate.swift; sourceTree = "<group>"; };
		4DFC1E352933DBCB00ECEF4B /* ViewController.swift */ = {isa = PBXFileReference; lastKnownFileType = sourcecode.swift; path = ViewController.swift; sourceTree = "<group>"; };
		4DFC1E382933DBCB00ECEF4B /* Base */ = {isa = PBXFileReference; lastKnownFileType = file.storyboard; name = Base; path = Base.lproj/Main.storyboard; sourceTree = "<group>"; };
		4DFC1E3A2933DBCD00ECEF4B /* Assets.xcassets */ = {isa = PBXFileReference; lastKnownFileType = folder.assetcatalog; path = Assets.xcassets; sourceTree = "<group>"; };
		4DFC1E3D2933DBCD00ECEF4B /* Base */ = {isa = PBXFileReference; lastKnownFileType = file.storyboard; name = Base; path = Base.lproj/LaunchScreen.storyboard; sourceTree = "<group>"; };
		4DFC1E3F2933DBCD00ECEF4B /* Info.plist */ = {isa = PBXFileReference; lastKnownFileType = text.plist.xml; path = Info.plist; sourceTree = "<group>"; };
		4DFC1E452933DE0D00ECEF4B /* MyCustomViewCircle.xib */ = {isa = PBXFileReference; lastKnownFileType = file.xib; path = MyCustomViewCircle.xib; sourceTree = "<group>"; };
		4DFC1E472933DE4700ECEF4B /* MyCustomViewCircle.swift */ = {isa = PBXFileReference; lastKnownFileType = sourcecode.swift; path = MyCustomViewCircle.swift; sourceTree = "<group>"; };
/* End PBXFileReference section */

/* Begin PBXFrameworksBuildPhase section */
		4DFC1E2B2933DBCB00ECEF4B /* Frameworks */ = {
			isa = PBXFrameworksBuildPhase;
			buildActionMask = 2147483647;
			files = (
			);
			runOnlyForDeploymentPostprocessing = 0;
		};
/* End PBXFrameworksBuildPhase section */

/* Begin PBXGroup section */
		4DFC1E252933DBCB00ECEF4B = {
			isa = PBXGroup;
			children = (
				4DFC1E302933DBCB00ECEF4B /* CustomUIComponents_21_7 */,
				4DFC1E2F2933DBCB00ECEF4B /* Products */,
			);
			sourceTree = "<group>";
		};
		4DFC1E2F2933DBCB00ECEF4B /* Products */ = {
			isa = PBXGroup;
			children = (
				4DFC1E2E2933DBCB00ECEF4B /* CustomUIComponents_21_7.app */,
			);
			name = Products;
			sourceTree = "<group>";
		};
		4DFC1E302933DBCB00ECEF4B /* CustomUIComponents_21_7 */ = {
			isa = PBXGroup;
			children = (
				4DFC1E312933DBCB00ECEF4B /* AppDelegate.swift */,
				4DFC1E332933DBCB00ECEF4B /* SceneDelegate.swift */,
				4DFC1E352933DBCB00ECEF4B /* ViewController.swift */,
				4DFC1E372933DBCB00ECEF4B /* Main.storyboard */,
				4DFC1E3A2933DBCD00ECEF4B /* Assets.xcassets */,
				4DFC1E3C2933DBCD00ECEF4B /* LaunchScreen.storyboard */,
				4DFC1E3F2933DBCD00ECEF4B /* Info.plist */,
				4DFC1E452933DE0D00ECEF4B /* MyCustomViewCircle.xib */,
				4DFC1E472933DE4700ECEF4B /* MyCustomViewCircle.swift */,
			);
			path = CustomUIComponents_21_7;
			sourceTree = "<group>";
		};
/* End PBXGroup section */

/* Begin PBXNativeTarget section */
		4DFC1E2D2933DBCB00ECEF4B /* CustomUIComponents_21_7 */ = {
			isa = PBXNativeTarget;
			buildConfigurationList = 4DFC1E422933DBCD00ECEF4B /* Build configuration list for PBXNativeTarget "CustomUIComponents_21_7" */;
			buildPhases = (
				4DFC1E2A2933DBCB00ECEF4B /* Sources */,
				4DFC1E2B2933DBCB00ECEF4B /* Frameworks */,
				4DFC1E2C2933DBCB00ECEF4B /* Resources */,
			);
			buildRules = (
			);
			dependencies = (
			);
			name = CustomUIComponents_21_7;
			productName = CustomUIComponents_21_7;
			productReference = 4DFC1E2E2933DBCB00ECEF4B /* CustomUIComponents_21_7.app */;
			productType = "com.apple.product-type.application";
		};
/* End PBXNativeTarget section */

/* Begin PBXProject section */
		4DFC1E262933DBCB00ECEF4B /* Project object */ = {
			isa = PBXProject;
			attributes = {
				BuildIndependentTargetsInParallel = 1;
				LastSwiftUpdateCheck = 1410;
				LastUpgradeCheck = 1410;
				TargetAttributes = {
					4DFC1E2D2933DBCB00ECEF4B = {
						CreatedOnToolsVersion = 14.1;
					};
				};
			};
			buildConfigurationList = 4DFC1E292933DBCB00ECEF4B /* Build configuration list for PBXProject "Circles_21.7" */;
			compatibilityVersion = "Xcode 14.0";
			developmentRegion = en;
			hasScannedForEncodings = 0;
			knownRegions = (
				en,
				Base,
			);
			mainGroup = 4DFC1E252933DBCB00ECEF4B;
			productRefGroup = 4DFC1E2F2933DBCB00ECEF4B /* Products */;
			projectDirPath = "";
			projectRoot = "";
			targets = (
				4DFC1E2D2933DBCB00ECEF4B /* CustomUIComponents_21_7 */,
			);
		};
/* End PBXProject section */

/* Begin PBXResourcesBuildPhase section */
		4DFC1E2C2933DBCB00ECEF4B /* Resources */ = {
			isa = PBXResourcesBuildPhase;
			buildActionMask = 2147483647;
			files = (
				4DFC1E3E2933DBCD00ECEF4B /* LaunchScreen.storyboard in Resources */,
				4DFC1E462933DE0D00ECEF4B /* MyCustomViewCircle.xib in Resources */,
				4DFC1E3B2933DBCD00ECEF4B /* Assets.xcassets in Resources */,
				4DFC1E392933DBCB00ECEF4B /* Main.storyboard in Resources */,
			);
			runOnlyForDeploymentPostprocessing = 0;
		};
/* End PBXResourcesBuildPhase section */

/* Begin PBXSourcesBuildPhase section */
		4DFC1E2A2933DBCB00ECEF4B /* Sources */ = {
			isa = PBXSourcesBuildPhase;
			buildActionMask = 2147483647;
			files = (
				4DFC1E362933DBCB00ECEF4B /* ViewController.swift in Sources */,
				4DFC1E482933DE4700ECEF4B /* MyCustomViewCircle.swift in Sources */,
				4DFC1E322933DBCB00ECEF4B /* AppDelegate.swift in Sources */,
				4DFC1E342933DBCB00ECEF4B /* SceneDelegate.swift in Sources */,
			);
			runOnlyForDeploymentPostprocessing = 0;
		};
/* End PBXSourcesBuildPhase section */

/* Begin PBXVariantGroup section */
		4DFC1E372933DBCB00ECEF4B /* Main.storyboard */ = {
			isa = PBXVariantGroup;
			children = (
				4DFC1E382933DBCB00ECEF4B /* Base */,
			);
			name = Main.storyboard;
			sourceTree = "<group>";
		};
		4DFC1E3C2933DBCD00ECEF4B /* LaunchScreen.storyboard */ = {
			isa = PBXVariantGroup;
			children = (
				4DFC1E3D2933DBCD00ECEF4B /* Base */,
			);
			name = LaunchScreen.storyboard;
			sourceTree = "<group>";
		};
/* End PBXVariantGroup section */

/* Begin XCBuildConfiguration section */
		4DFC1E402933DBCD00ECEF4B /* Debug */ = {
			isa = XCBuildConfiguration;
			buildSettings = {
				ALWAYS_SEARCH_USER_PATHS = NO;
				CLANG_ANALYZER_NONNULL = YES;
				CLANG_ANALYZER_NUMBER_OBJECT_CONVERSION = YES_AGGRESSIVE;
				CLANG_CXX_LANGUAGE_STANDARD = "gnu++20";
				CLANG_ENABLE_MODULES = YES;
				CLANG_ENABLE_OBJC_ARC = YES;
				CLANG_ENABLE_OBJC_WEAK = YES;
				CLANG_WARN_BLOCK_CAPTURE_AUTORELEASING = YES;
				CLANG_WARN_BOOL_CONVERSION = YES;
				CLANG_WARN_COMMA = YES;
				CLANG_WARN_CONSTANT_CONVERSION = YES;
				CLANG_WARN_DEPRECATED_OBJC_IMPLEMENTATIONS = YES;
				CLANG_WARN_DIRECT_OBJC_ISA_USAGE = YES_ERROR;
				CLANG_WARN_DOCUMENTATION_COMMENTS = YES;
				CLANG_WARN_EMPTY_BODY = YES;
				CLANG_WARN_ENUM_CONVERSION = YES;
				CLANG_WARN_INFINITE_RECURSION = YES;
				CLANG_WARN_INT_CONVERSION = YES;
				CLANG_WARN_NON_LITERAL_NULL_CONVERSION = YES;
				CLANG_WARN_OBJC_IMPLICIT_RETAIN_SELF = YES;
				CLANG_WARN_OBJC_LITERAL_CONVERSION = YES;
				CLANG_WARN_OBJC_ROOT_CLASS = YES_ERROR;
				CLANG_WARN_QUOTED_INCLUDE_IN_FRAMEWORK_HEADER = YES;
				CLANG_WARN_RANGE_LOOP_ANALYSIS = YES;
				CLANG_WARN_STRICT_PROTOTYPES = YES;
				CLANG_WARN_SUSPICIOUS_MOVE = YES;
				CLANG_WARN_UNGUARDED_AVAILABILITY = YES_AGGRESSIVE;
				CLANG_WARN_UNREACHABLE_CODE = YES;
				CLANG_WARN__DUPLICATE_METHOD_MATCH = YES;
				COPY_PHASE_STRIP = NO;
				DEBUG_INFORMATION_FORMAT = dwarf;
				ENABLE_STRICT_OBJC_MSGSEND = YES;
				ENABLE_TESTABILITY = YES;
				GCC_C_LANGUAGE_STANDARD = gnu11;
				GCC_DYNAMIC_NO_PIC = NO;
				GCC_NO_COMMON_BLOCKS = YES;
				GCC_OPTIMIZATION_LEVEL = 0;
				GCC_PREPROCESSOR_DEFINITIONS = (
					"DEBUG=1",
					"$(inherited)",
				);
				GCC_WARN_64_TO_32_BIT_CONVERSION = YES;
				GCC_WARN_ABOUT_RETURN_TYPE = YES_ERROR;
				GCC_WARN_UNDECLARED_SELECTOR = YES;
				GCC_WARN_UNINITIALIZED_AUTOS = YES_AGGRESSIVE;
				GCC_WARN_UNUSED_FUNCTION = YES;
				GCC_WARN_UNUSED_VARIABLE = YES;
				IPHONEOS_DEPLOYMENT_TARGET = 16.1;
				MTL_ENABLE_DEBUG_INFO = INCLUDE_SOURCE;
				MTL_FAST_MATH = YES;
				ONLY_ACTIVE_ARCH = YES;
				SDKROOT = iphoneos;
				SWIFT_ACTIVE_COMPILATION_CONDITIONS = DEBUG;
				SWIFT_OPTIMIZATION_LEVEL = "-Onone";
			};
			name = Debug;
		};
		4DFC1E412933DBCD00ECEF4B /* Release */ = {
			isa = XCBuildConfiguration;
			buildSettings = {
				ALWAYS_SEARCH_USER_PATHS = NO;
				CLANG_ANALYZER_NONNULL = YES;
				CLANG_ANALYZER_NUMBER_OBJECT_CONVERSION = YES_AGGRESSIVE;
				CLANG_CXX_LANGUAGE_STANDARD = "gnu++20";
				CLANG_ENABLE_MODULES = YES;
				CLANG_ENABLE_OBJC_ARC = YES;
				CLANG_ENABLE_OBJC_WEAK = YES;
				CLANG_WARN_BLOCK_CAPTURE_AUTORELEASING = YES;
				CLANG_WARN_BOOL_CONVERSION = YES;
				CLANG_WARN_COMMA = YES;
				CLANG_WARN_CONSTANT_CONVERSION = YES;
				CLANG_WARN_DEPRECATED_OBJC_IMPLEMENTATIONS = YES;
				CLANG_WARN_DIRECT_OBJC_ISA_USAGE = YES_ERROR;
				CLANG_WARN_DOCUMENTATION_COMMENTS = YES;
				CLANG_WARN_EMPTY_BODY = YES;
				CLANG_WARN_ENUM_CONVERSION = YES;
				CLANG_WARN_INFINITE_RECURSION = YES;
				CLANG_WARN_INT_CONVERSION = YES;
				CLANG_WARN_NON_LITERAL_NULL_CONVERSION = YES;
				CLANG_WARN_OBJC_IMPLICIT_RETAIN_SELF = YES;
				CLANG_WARN_OBJC_LITERAL_CONVERSION = YES;
				CLANG_WARN_OBJC_ROOT_CLASS = YES_ERROR;
				CLANG_WARN_QUOTED_INCLUDE_IN_FRAMEWORK_HEADER = YES;
				CLANG_WARN_RANGE_LOOP_ANALYSIS = YES;
				CLANG_WARN_STRICT_PROTOTYPES = YES;
				CLANG_WARN_SUSPICIOUS_MOVE = YES;
				CLANG_WARN_UNGUARDED_AVAILABILITY = YES_AGGRESSIVE;
				CLANG_WARN_UNREACHABLE_CODE = YES;
				CLANG_WARN__DUPLICATE_METHOD_MATCH = YES;
				COPY_PHASE_STRIP = NO;
				DEBUG_INFORMATION_FORMAT = "dwarf-with-dsym";
				ENABLE_NS_ASSERTIONS = NO;
				ENABLE_STRICT_OBJC_MSGSEND = YES;
				GCC_C_LANGUAGE_STANDARD = gnu11;
				GCC_NO_COMMON_BLOCKS = YES;
				GCC_WARN_64_TO_32_BIT_CONVERSION = YES;
				GCC_WARN_ABOUT_RETURN_TYPE = YES_ERROR;
				GCC_WARN_UNDECLARED_SELECTOR = YES;
				GCC_WARN_UNINITIALIZED_AUTOS = YES_AGGRESSIVE;
				GCC_WARN_UNUSED_FUNCTION = YES;
				GCC_WARN_UNUSED_VARIABLE = YES;
				IPHONEOS_DEPLOYMENT_TARGET = 16.1;
				MTL_ENABLE_DEBUG_INFO = NO;
				MTL_FAST_MATH = YES;
				SDKROOT = iphoneos;
				SWIFT_COMPILATION_MODE = wholemodule;
				SWIFT_OPTIMIZATION_LEVEL = "-O";
				VALIDATE_PRODUCT = YES;
			};
			name = Release;
		};
		4DFC1E432933DBCD00ECEF4B /* Debug */ = {
			isa = XCBuildConfiguration;
			buildSettings = {
				ASSETCATALOG_COMPILER_APPICON_NAME = AppIcon;
				ASSETCATALOG_COMPILER_GLOBAL_ACCENT_COLOR_NAME = AccentColor;
				CODE_SIGN_STYLE = Automatic;
				CURRENT_PROJECT_VERSION = 1;
				DEVELOPMENT_TEAM = 3JQPLE5ZEK;
				GENERATE_INFOPLIST_FILE = YES;
				INFOPLIST_FILE = CustomUIComponents_21_7/Info.plist;
				INFOPLIST_KEY_UIApplicationSupportsIndirectInputEvents = YES;
				INFOPLIST_KEY_UILaunchStoryboardName = LaunchScreen;
				INFOPLIST_KEY_UIMainStoryboardFile = Main;
				INFOPLIST_KEY_UISupportedInterfaceOrientations_iPad = "UIInterfaceOrientationPortrait UIInterfaceOrientationPortraitUpsideDown UIInterfaceOrientationLandscapeLeft UIInterfaceOrientationLandscapeRight";
				INFOPLIST_KEY_UISupportedInterfaceOrientations_iPhone = "UIInterfaceOrientationPortrait UIInterfaceOrientationLandscapeLeft UIInterfaceOrientationLandscapeRight";
				LD_RUNPATH_SEARCH_PATHS = (
					"$(inherited)",
					"@executable_path/Frameworks",
				);
				MARKETING_VERSION = 1.0;
				PRODUCT_BUNDLE_IDENTIFIER = "CustomUIComponents-21-7.CustomUIComponents-21-7";
				PRODUCT_NAME = "$(TARGET_NAME)";
				SWIFT_EMIT_LOC_STRINGS = YES;
				SWIFT_VERSION = 5.0;
				TARGETED_DEVICE_FAMILY = "1,2";
			};
			name = Debug;
		};
		4DFC1E442933DBCD00ECEF4B /* Release */ = {
			isa = XCBuildConfiguration;
			buildSettings = {
				ASSETCATALOG_COMPILER_APPICON_NAME = AppIcon;
				ASSETCATALOG_COMPILER_GLOBAL_ACCENT_COLOR_NAME = AccentColor;
				CODE_SIGN_STYLE = Automatic;
				CURRENT_PROJECT_VERSION = 1;
				DEVELOPMENT_TEAM = 3JQPLE5ZEK;
				GENERATE_INFOPLIST_FILE = YES;
				INFOPLIST_FILE = CustomUIComponents_21_7/Info.plist;
				INFOPLIST_KEY_UIApplicationSupportsIndirectInputEvents = YES;
				INFOPLIST_KEY_UILaunchStoryboardName = LaunchScreen;
				INFOPLIST_KEY_UIMainStoryboardFile = Main;
				INFOPLIST_KEY_UISupportedInterfaceOrientations_iPad = "UIInterfaceOrientationPortrait UIInterfaceOrientationPortraitUpsideDown UIInterfaceOrientationLandscapeLeft UIInterfaceOrientationLandscapeRight";
				INFOPLIST_KEY_UISupportedInterfaceOrientations_iPhone = "UIInterfaceOrientationPortrait UIInterfaceOrientationLandscapeLeft UIInterfaceOrientationLandscapeRight";
				LD_RUNPATH_SEARCH_PATHS = (
					"$(inherited)",
					"@executable_path/Frameworks",
				);
				MARKETING_VERSION = 1.0;
				PRODUCT_BUNDLE_IDENTIFIER = "CustomUIComponents-21-7.CustomUIComponents-21-7";
				PRODUCT_NAME = "$(TARGET_NAME)";
				SWIFT_EMIT_LOC_STRINGS = YES;
				SWIFT_VERSION = 5.0;
				TARGETED_DEVICE_FAMILY = "1,2";
			};
			name = Release;
		};
/* End XCBuildConfiguration section */

/* Begin XCConfigurationList section */
		4DFC1E292933DBCB00ECEF4B /* Build configuration list for PBXProject "Circles_21.7" */ = {
			isa = XCConfigurationList;
			buildConfigurations = (
				4DFC1E402933DBCD00ECEF4B /* Debug */,
				4DFC1E412933DBCD00ECEF4B /* Release */,
			);
			defaultConfigurationIsVisible = 0;
			defaultConfigurationName = Release;
		};
		4DFC1E422933DBCD00ECEF4B /* Build configuration list for PBXNativeTarget "CustomUIComponents_21_7" */ = {
			isa = XCConfigurationList;
			buildConfigurations = (
				4DFC1E432933DBCD00ECEF4B /* Debug */,
				4DFC1E442933DBCD00ECEF4B /* Release */,
			);
			defaultConfigurationIsVisible = 0;
			defaultConfigurationName = Release;
		};
/* End XCConfigurationList section */
	};
	rootObject = 4DFC1E262933DBCB00ECEF4B /* Project object */;
}
